{
  "name": "php-crash",
  "version": "1.0.0",
  "lockfileVersion": 2,
  "requires": true,
  "packages": {
    "": {
      "version": "1.0.0",
      "license": "ISC",
      "devDependencies": {
        "@prettier/plugin-php": "^0.18.3",
        "prettier": "^2.6.0"
      }
    },
    "node_modules/@prettier/plugin-php": {
      "version": "0.18.3",
      "resolved": "https://registry.npmjs.org/@prettier/plugin-php/-/plugin-php-0.18.3.tgz",
      "integrity": "sha512-8jJ88iNVu3xC4DgA6f4eGk1yWQSno3Kd7XpUysokC8q0GXIr07zk7qdsfH+UooCf91sB0m2fZ2fdDmDMPOHhMA==",
      "dev": true,
      "dependencies": {
        "linguist-languages": "^7.5.1",
        "mem": "^8.0.0",
        "php-parser": "3.1.0-beta.5"
      },
      "peerDependencies": {
        "prettier": "^1.15.0 || ^2.0.0"
      }
    },
    "node_modules/linguist-languages": {
      "version": "7.15.0",
      "resolved": "https://registry.npmjs.org/linguist-languages/-/linguist-languages-7.15.0.tgz",
      "integrity": "sha512-qkSSNDjDDycZ2Wcw+GziNBB3nNo3ddYUInM/PL8Amgwbd9RQ/BKGj2/1d6mdxKgBFnUqZuaDbkIwkE4KUwwmtQ==",
      "dev": true
    },
    "node_modules/map-age-cleaner": {
      "version": "0.1.3",
      "resolved": "https://registry.npmjs.org/map-age-cleaner/-/map-age-cleaner-0.1.3.tgz",
      "integrity": "sha512-bJzx6nMoP6PDLPBFmg7+xRKeFZvFboMrGlxmNj9ClvX53KrmvM5bXFXEWjbz4cz1AFn+jWJ9z/DJSz7hrs0w3w==",
      "dev": true,
      "dependencies": {
        "p-defer": "^1.0.0"
      },
      "engines": {
        "node": ">=6"
      }
    },
    "node_modules/mem": {
      "version": "8.1.1",
      "resolved": "https://registry.npmjs.org/mem/-/mem-8.1.1.tgz",
      "integrity": "sha512-qFCFUDs7U3b8mBDPyz5EToEKoAkgCzqquIgi9nkkR9bixxOVOre+09lbuH7+9Kn2NFpm56M3GUWVbU2hQgdACA==",
      "dev": true,
      "dependencies": {
        "map-age-cleaner": "^0.1.3",
        "mimic-fn": "^3.1.0"
      },
      "engines": {
        "node": ">=10"
      },
      "funding": {
        "url": "https://github.com/sindresorhus/mem?sponsor=1"
      }
    },
    "node_modules/mimic-fn": {
      "version": "3.1.0",
      "resolved": "https://registry.npmjs.org/mimic-fn/-/mimic-fn-3.1.0.tgz",
      "integrity": "sha512-Ysbi9uYW9hFyfrThdDEQuykN4Ey6BuwPD2kpI5ES/nFTDn/98yxYNLZJcgUAKPT/mcrLLKaGzJR9YVxJrIdASQ==",
      "dev": true,
      "engines": {
        "node": ">=8"
      }
    },
    "node_modules/p-defer": {
      "version": "1.0.0",
      "resolved": "https://registry.npmjs.org/p-defer/-/p-defer-1.0.0.tgz",
      "integrity": "sha1-n26xgvbJqozXQwBKfU+WsZaw+ww=",
      "dev": true,
      "engines": {
        "node": ">=4"
      }
    },
    "node_modules/php-parser": {
      "version": "3.1.0-beta.5",
      "resolved": "https://registry.npmjs.org/php-parser/-/php-parser-3.1.0-beta.5.tgz",
      "integrity": "sha512-3F3+yThjD7wn0sMuIG5iMQqutmH+RJUAbEyPW5S/greTp5ZArkpEweylQh+do22q9UJlJT1PrLN/AwnzDUti6Q==",
      "dev": true
    },
    "node_modules/prettier": {
      "version": "2.6.0",
      "resolved": "https://registry.npmjs.org/prettier/-/prettier-2.6.0.tgz",
      "integrity": "sha512-m2FgJibYrBGGgQXNzfd0PuDGShJgRavjUoRCw1mZERIWVSXF0iLzLm+aOqTAbLnC3n6JzUhAA8uZnFVghHJ86A==",
      "dev": true,
      "bin": {
        "prettier": "bin-prettier.js"
      },
      "engines": {
        "node": ">=10.13.0"
      },
      "funding": {
        "url": "https://github.com/prettier/prettier?sponsor=1"
      }
    }
  },
  "dependencies": {
    "@prettier/plugin-php": {
      "version": "0.18.3",
      "resolved": "https://registry.npmjs.org/@prettier/plugin-php/-/plugin-php-0.18.3.tgz",
      "integrity": "sha512-8jJ88iNVu3xC4DgA6f4eGk1yWQSno3Kd7XpUysokC8q0GXIr07zk7qdsfH+UooCf91sB0m2fZ2fdDmDMPOHhMA==",
      "dev": true,
      "requires": {
        "linguist-languages": "^7.5.1",
        "mem": "^8.0.0",
        "php-parser": "3.1.0-beta.5"
      }
    },
    "linguist-languages": {
      "version": "7.15.0",
      "resolved": "https://registry.npmjs.org/linguist-languages/-/linguist-languages-7.15.0.tgz",
      "integrity": "sha512-qkSSNDjDDycZ2Wcw+GziNBB3nNo3ddYUInM/PL8Amgwbd9RQ/BKGj2/1d6mdxKgBFnUqZuaDbkIwkE4KUwwmtQ==",
      "dev": true
    },
    "map-age-cleaner": {
      "version": "0.1.3",
      "resolved": "https://registry.npmjs.org/map-age-cleaner/-/map-age-cleaner-0.1.3.tgz",
      "integrity": "sha512-bJzx6nMoP6PDLPBFmg7+xRKeFZvFboMrGlxmNj9ClvX53KrmvM5bXFXEWjbz4cz1AFn+jWJ9z/DJSz7hrs0w3w==",
      "dev": true,
      "requires": {
        "p-defer": "^1.0.0"
      }
    },
    "mem": {
      "version": "8.1.1",
      "resolved": "https://registry.npmjs.org/mem/-/mem-8.1.1.tgz",
      "integrity": "sha512-qFCFUDs7U3b8mBDPyz5EToEKoAkgCzqquIgi9nkkR9bixxOVOre+09lbuH7+9Kn2NFpm56M3GUWVbU2hQgdACA==",
      "dev": true,
      "requires": {
        "map-age-cleaner": "^0.1.3",
        "mimic-fn": "^3.1.0"
      }
    },
    "mimic-fn": {
      "version": "3.1.0",
      "resolved": "https://registry.npmjs.org/mimic-fn/-/mimic-fn-3.1.0.tgz",
      "integrity": "sha512-Ysbi9uYW9hFyfrThdDEQuykN4Ey6BuwPD2kpI5ES/nFTDn/98yxYNLZJcgUAKPT/mcrLLKaGzJR9YVxJrIdASQ==",
      "dev": true
    },
    "p-defer": {
      "version": "1.0.0",
      "resolved": "https://registry.npmjs.org/p-defer/-/p-defer-1.0.0.tgz",
      "integrity": "sha1-n26xgvbJqozXQwBKfU+WsZaw+ww=",
      "dev": true
    },
    "php-parser": {
      "version": "3.1.0-beta.5",
      "resolved": "https://registry.npmjs.org/php-parser/-/php-parser-3.1.0-beta.5.tgz",
      "integrity": "sha512-3F3+yThjD7wn0sMuIG5iMQqutmH+RJUAbEyPW5S/greTp5ZArkpEweylQh+do22q9UJlJT1PrLN/AwnzDUti6Q==",
      "dev": true
    },
    "prettier": {
      "version": "2.6.0",
      "resolved": "https://registry.npmjs.org/prettier/-/prettier-2.6.0.tgz",
      "integrity": "sha512-m2FgJibYrBGGgQXNzfd0PuDGShJgRavjUoRCw1mZERIWVSXF0iLzLm+aOqTAbLnC3n6JzUhAA8uZnFVghHJ86A==",
      "dev": true
    }
  }
}
